
Microsoft Visual Studio Solution File, Format Version 12.00
# Visual Studio Version 16
VisualStudioVersion = 16.0.30907.101
MinimumVisualStudioVersion = 10.0.40219.1
Project("{FAE04EC0-301F-11D3-BF4B-00C04F79EFBC}") = "DataAccess", "DataAccess\DataAccess.csproj", "{C9E620F9-4CCD-4F20-905F-17CAFEF3904E}"
EndProject
Project("{FAE04EC0-301F-11D3-BF4B-00C04F79EFBC}") = "Business", "Business\Business.csproj", "{51149732-7095-4BE9-9053-96A0A8E223E3}"
EndProject
Project("{FAE04EC0-301F-11D3-BF4B-00C04F79EFBC}") = "Entities", "Entities\Entities.csproj", "{51A1D641-44A2-4031-A53F-67260CA96639}"
EndProject
Project("{FAE04EC0-301F-11D3-BF4B-00C04F79EFBC}") = "ConsoleUI", "ConsoleUI\ConsoleUI.csproj", "{3D9FC910-B9C5-429D-A4F8-42B46DF269A8}"
EndProject
Global
	GlobalSection(SolutionConfigurationPlatforms) = preSolution
		Debug|Any CPU = Debug|Any CPU
		Release|Any CPU = Release|Any CPU
	EndGlobalSection
	GlobalSection(ProjectConfigurationPlatforms) = postSolution
		{C9E620F9-4CCD-4F20-905F-17CAFEF3904E}.Debug|Any CPU.ActiveCfg = Debug|Any CPU
		{C9E620F9-4CCD-4F20-905F-17CAFEF3904E}.Debug|Any CPU.Build.0 = Debug|Any CPU
		{C9E620F9-4CCD-4F20-905F-17CAFEF3904E}.Release|Any CPU.ActiveCfg = Release|Any CPU
		{C9E620F9-4CCD-4F20-905F-17CAFEF3904E}.Release|Any CPU.Build.0 = Release|Any CPU
		{51149732-7095-4BE9-9053-96A0A8E223E3}.Debug|Any CPU.ActiveCfg = Debug|Any CPU
		{51149732-7095-4BE9-9053-96A0A8E223E3}.Debug|Any CPU.Build.0 = Debug|Any CPU
		{51149732-7095-4BE9-9053-96A0A8E223E3}.Release|Any CPU.ActiveCfg = Release|Any CPU
		{51149732-7095-4BE9-9053-96A0A8E223E3}.Release|Any CPU.Build.0 = Release|Any CPU
		{51A1D641-44A2-4031-A53F-67260CA96639}.Debug|Any CPU.ActiveCfg = Debug|Any CPU
		{51A1D641-44A2-4031-A53F-67260CA96639}.Debug|Any CPU.Build.0 = Debug|Any CPU
		{51A1D641-44A2-4031-A53F-67260CA96639}.Release|Any CPU.ActiveCfg = Release|Any CPU
		{51A1D641-44A2-4031-A53F-67260CA96639}.Release|Any CPU.Build.0 = Release|Any CPU
		{3D9FC910-B9C5-429D-A4F8-42B46DF269A8}.Debug|Any CPU.ActiveCfg = Debug|Any CPU
		{3D9FC910-B9C5-429D-A4F8-42B46DF269A8}.Debug|Any CPU.Build.0 = Debug|Any CPU
		{3D9FC910-B9C5-429D-A4F8-42B46DF269A8}.Release|Any CPU.ActiveCfg = Release|Any CPU
		{3D9FC910-B9C5-429D-A4F8-42B46DF269A8}.Release|Any CPU.Build.0 = Release|Any CPU
	EndGlobalSection
	GlobalSection(SolutionProperties) = preSolution
		HideSolutionNode = FALSE
	EndGlobalSection
	GlobalSection(ExtensibilityGlobals) = postSolution
		SolutionGuid = {16EED4FF-0E29-4CA9-8046-CDB0843A472A}
	EndGlobalSection
EndGlobal
